// !$*UTF8*$!
{
	archiveVersion = 1;
	classes = {
	};
	objectVersion = 56;
	objects = {

/* Begin PBXBuildFile section */
		C92F73DD2A314CE400267A4A /* HeadingFilter.swift in Sources */ = {isa = PBXBuildFile; fileRef = C92F73DC2A314CE400267A4A /* HeadingFilter.swift */; };
		C96E42B82A15B0ED0065FABC /* SettingsModel.swift in Sources */ = {isa = PBXBuildFile; fileRef = C96E42B72A15B0ED0065FABC /* SettingsModel.swift */; };
		C995B2CC2A09C9B00037572A /* SteeringModel.swift in Sources */ = {isa = PBXBuildFile; fileRef = C995B2CB2A09C9B00037572A /* SteeringModel.swift */; };
		C995B2CE2A09CA160037572A /* AudioFeedbackModel.swift in Sources */ = {isa = PBXBuildFile; fileRef = C995B2CD2A09CA160037572A /* AudioFeedbackModel.swift */; };
		C995B2D12A0B21420037572A /* CompassView.swift in Sources */ = {isa = PBXBuildFile; fileRef = C995B2D02A0B21420037572A /* CompassView.swift */; };
		C995B2D32A0B21600037572A /* SteeringView.swift in Sources */ = {isa = PBXBuildFile; fileRef = C995B2D22A0B21600037572A /* SteeringView.swift */; };
		C995B2D52A0B218D0037572A /* SettingsView.swift in Sources */ = {isa = PBXBuildFile; fileRef = C995B2D42A0B218D0037572A /* SettingsView.swift */; };
		C996C7032A41270600C00B1A /* COMMANDS.md in Resources */ = {isa = PBXBuildFile; fileRef = C996C7022A41270600C00B1A /* COMMANDS.md */; };
		C9C189B82AA427500076A7A8 /* SpeechBuffer.swift in Sources */ = {isa = PBXBuildFile; fileRef = C9C189B72AA427500076A7A8 /* SpeechBuffer.swift */; };
		C9C189BA2AA55E1B0076A7A8 /* AudioGenerator.swift in Sources */ = {isa = PBXBuildFile; fileRef = C9C189B92AA55E1B0076A7A8 /* AudioGenerator.swift */; };
		C9CE15FC2A21F93C00389886 /* Compass_120.png in Resources */ = {isa = PBXBuildFile; fileRef = C9CE15FB2A21F93C00389886 /* Compass_120.png */; };
		C9D65C312BF31627005F0797 /* Util.swift in Sources */ = {isa = PBXBuildFile; fileRef = C9D65C302BF31627005F0797 /* Util.swift */; };
		C9DAC9982A34149200037F65 /* Compass_400.png in Resources */ = {isa = PBXBuildFile; fileRef = C9DAC9972A34149200037F65 /* Compass_400.png */; };
		C9DAC99C2A342E3800037F65 /* TargetView.swift in Sources */ = {isa = PBXBuildFile; fileRef = C9DAC99B2A342E3800037F65 /* TargetView.swift */; };
		C9DAC9A02A357A1400037F65 /* HeaderView.swift in Sources */ = {isa = PBXBuildFile; fileRef = C9DAC99F2A357A1400037F65 /* HeaderView.swift */; };
		C9E48FC32A06236800E1D702 /* viscompassApp.swift in Sources */ = {isa = PBXBuildFile; fileRef = C9E48FC22A06236800E1D702 /* viscompassApp.swift */; };
		C9E48FC52A06236800E1D702 /* MainView.swift in Sources */ = {isa = PBXBuildFile; fileRef = C9E48FC42A06236800E1D702 /* MainView.swift */; };
		C9E48FC72A06236900E1D702 /* Assets.xcassets in Resources */ = {isa = PBXBuildFile; fileRef = C9E48FC62A06236900E1D702 /* Assets.xcassets */; };
		C9E48FCA2A06236900E1D702 /* Preview Assets.xcassets in Resources */ = {isa = PBXBuildFile; fileRef = C9E48FC92A06236900E1D702 /* Preview Assets.xcassets */; };
		C9E48FD42A06236900E1D702 /* viscompassTests.swift in Sources */ = {isa = PBXBuildFile; fileRef = C9E48FD32A06236900E1D702 /* viscompassTests.swift */; };
		C9E48FDE2A06236900E1D702 /* viscompassUITests.swift in Sources */ = {isa = PBXBuildFile; fileRef = C9E48FDD2A06236900E1D702 /* viscompassUITests.swift */; };
		C9E48FE02A06236900E1D702 /* viscompassUITestsLaunchTests.swift in Sources */ = {isa = PBXBuildFile; fileRef = C9E48FDF2A06236900E1D702 /* viscompassUITestsLaunchTests.swift */; };
		C9E48FFA2A06249200E1D702 /* side-drum-icon-27836.png in Resources */ = {isa = PBXBuildFile; fileRef = C9E48FF22A06249200E1D702 /* side-drum-icon-27836.png */; };
		C9E48FFB2A06249200E1D702 /* click_low.wav in Resources */ = {isa = PBXBuildFile; fileRef = C9E48FF32A06249200E1D702 /* click_low.wav */; };
		C9E48FFC2A06249200E1D702 /* Compass_512.png in Resources */ = {isa = PBXBuildFile; fileRef = C9E48FF42A06249200E1D702 /* Compass_512.png */; };
		C9E48FFD2A06249200E1D702 /* drum200.wav in Resources */ = {isa = PBXBuildFile; fileRef = C9E48FF52A06249200E1D702 /* drum200.wav */; };
		C9E48FFE2A06249200E1D702 /* Compass_1024.png in Resources */ = {isa = PBXBuildFile; fileRef = C9E48FF62A06249200E1D702 /* Compass_1024.png */; };
		C9E48FFF2A06249200E1D702 /* Default-568h@2x.png in Resources */ = {isa = PBXBuildFile; fileRef = C9E48FF72A06249200E1D702 /* Default-568h@2x.png */; };
		C9E490002A06249200E1D702 /* Compass_1024_noalpha.png in Resources */ = {isa = PBXBuildFile; fileRef = C9E48FF82A06249200E1D702 /* Compass_1024_noalpha.png */; };
		C9E490012A06249200E1D702 /* click_high.wav in Resources */ = {isa = PBXBuildFile; fileRef = C9E48FF92A06249200E1D702 /* click_high.wav */; };
/* End PBXBuildFile section */

/* Begin PBXContainerItemProxy section */
		C9E48FD02A06236900E1D702 /* PBXContainerItemProxy */ = {
			isa = PBXContainerItemProxy;
			containerPortal = C9E48FB72A06236800E1D702 /* Project object */;
			proxyType = 1;
			remoteGlobalIDString = C9E48FBE2A06236800E1D702;
			remoteInfo = viscompass;
		};
		C9E48FDA2A06236900E1D702 /* PBXContainerItemProxy */ = {
			isa = PBXContainerItemProxy;
			containerPortal = C9E48FB72A06236800E1D702 /* Project object */;
			proxyType = 1;
			remoteGlobalIDString = C9E48FBE2A06236800E1D702;
			remoteInfo = viscompass;
		};
/* End PBXContainerItemProxy section */

/* Begin PBXFileReference section */
		C92F73DC2A314CE400267A4A /* HeadingFilter.swift */ = {isa = PBXFileReference; lastKnownFileType = sourcecode.swift; path = HeadingFilter.swift; sourceTree = "<group>"; };
		C96E42B72A15B0ED0065FABC /* SettingsModel.swift */ = {isa = PBXFileReference; lastKnownFileType = sourcecode.swift; path = SettingsModel.swift; sourceTree = "<group>"; };
		C995B2CB2A09C9B00037572A /* SteeringModel.swift */ = {isa = PBXFileReference; lastKnownFileType = sourcecode.swift; path = SteeringModel.swift; sourceTree = "<group>"; };
		C995B2CD2A09CA160037572A /* AudioFeedbackModel.swift */ = {isa = PBXFileReference; lastKnownFileType = sourcecode.swift; path = AudioFeedbackModel.swift; sourceTree = "<group>"; };
		C995B2D02A0B21420037572A /* CompassView.swift */ = {isa = PBXFileReference; lastKnownFileType = sourcecode.swift; path = CompassView.swift; sourceTree = "<group>"; };
		C995B2D22A0B21600037572A /* SteeringView.swift */ = {isa = PBXFileReference; lastKnownFileType = sourcecode.swift; path = SteeringView.swift; sourceTree = "<group>"; };
		C995B2D42A0B218D0037572A /* SettingsView.swift */ = {isa = PBXFileReference; lastKnownFileType = sourcecode.swift; path = SettingsView.swift; sourceTree = "<group>"; };
		C996C7022A41270600C00B1A /* COMMANDS.md */ = {isa = PBXFileReference; fileEncoding = 4; lastKnownFileType = net.daringfireball.markdown; path = COMMANDS.md; sourceTree = SOURCE_ROOT; };
		C9C189B72AA427500076A7A8 /* SpeechBuffer.swift */ = {isa = PBXFileReference; lastKnownFileType = sourcecode.swift; path = SpeechBuffer.swift; sourceTree = "<group>"; };
		C9C189B92AA55E1B0076A7A8 /* AudioGenerator.swift */ = {isa = PBXFileReference; lastKnownFileType = sourcecode.swift; path = AudioGenerator.swift; sourceTree = "<group>"; };
		C9CE15FB2A21F93C00389886 /* Compass_120.png */ = {isa = PBXFileReference; lastKnownFileType = image.png; path = Compass_120.png; sourceTree = "<group>"; };
		C9D65C302BF31627005F0797 /* Util.swift */ = {isa = PBXFileReference; lastKnownFileType = sourcecode.swift; path = Util.swift; sourceTree = "<group>"; };
		C9DAC9972A34149200037F65 /* Compass_400.png */ = {isa = PBXFileReference; lastKnownFileType = image.png; path = Compass_400.png; sourceTree = "<group>"; };
		C9DAC9992A34198A00037F65 /* viscompass2-Info.plist */ = {isa = PBXFileReference; fileEncoding = 4; lastKnownFileType = text.plist.xml; path = "viscompass2-Info.plist"; sourceTree = "<group>"; };
		C9DAC99B2A342E3800037F65 /* TargetView.swift */ = {isa = PBXFileReference; lastKnownFileType = sourcecode.swift; path = TargetView.swift; sourceTree = "<group>"; };
		C9DAC99F2A357A1400037F65 /* HeaderView.swift */ = {isa = PBXFileReference; lastKnownFileType = sourcecode.swift; path = HeaderView.swift; sourceTree = "<group>"; };
		C9E48FBF2A06236800E1D702 /* viscompass2.app */ = {isa = PBXFileReference; explicitFileType = wrapper.application; includeInIndex = 0; path = viscompass2.app; sourceTree = BUILT_PRODUCTS_DIR; };
		C9E48FC22A06236800E1D702 /* viscompassApp.swift */ = {isa = PBXFileReference; lastKnownFileType = sourcecode.swift; path = viscompassApp.swift; sourceTree = "<group>"; };
		C9E48FC42A06236800E1D702 /* MainView.swift */ = {isa = PBXFileReference; lastKnownFileType = sourcecode.swift; path = MainView.swift; sourceTree = "<group>"; };
		C9E48FC62A06236900E1D702 /* Assets.xcassets */ = {isa = PBXFileReference; lastKnownFileType = folder.assetcatalog; path = Assets.xcassets; sourceTree = "<group>"; };
		C9E48FC92A06236900E1D702 /* Preview Assets.xcassets */ = {isa = PBXFileReference; lastKnownFileType = folder.assetcatalog; path = "Preview Assets.xcassets"; sourceTree = "<group>"; };
		C9E48FCF2A06236900E1D702 /* viscompass2Tests.xctest */ = {isa = PBXFileReference; explicitFileType = wrapper.cfbundle; includeInIndex = 0; path = viscompass2Tests.xctest; sourceTree = BUILT_PRODUCTS_DIR; };
		C9E48FD32A06236900E1D702 /* viscompassTests.swift */ = {isa = PBXFileReference; lastKnownFileType = sourcecode.swift; path = viscompassTests.swift; sourceTree = "<group>"; };
		C9E48FD92A06236900E1D702 /* viscompass2UITests.xctest */ = {isa = PBXFileReference; explicitFileType = wrapper.cfbundle; includeInIndex = 0; path = viscompass2UITests.xctest; sourceTree = BUILT_PRODUCTS_DIR; };
		C9E48FDD2A06236900E1D702 /* viscompassUITests.swift */ = {isa = PBXFileReference; lastKnownFileType = sourcecode.swift; path = viscompassUITests.swift; sourceTree = "<group>"; };
		C9E48FDF2A06236900E1D702 /* viscompassUITestsLaunchTests.swift */ = {isa = PBXFileReference; lastKnownFileType = sourcecode.swift; path = viscompassUITestsLaunchTests.swift; sourceTree = "<group>"; };
		C9E48FF22A06249200E1D702 /* side-drum-icon-27836.png */ = {isa = PBXFileReference; lastKnownFileType = image.png; path = "side-drum-icon-27836.png"; sourceTree = "<group>"; };
		C9E48FF32A06249200E1D702 /* click_low.wav */ = {isa = PBXFileReference; lastKnownFileType = audio.wav; path = click_low.wav; sourceTree = "<group>"; };
		C9E48FF42A06249200E1D702 /* Compass_512.png */ = {isa = PBXFileReference; lastKnownFileType = image.png; path = Compass_512.png; sourceTree = "<group>"; };
		C9E48FF52A06249200E1D702 /* drum200.wav */ = {isa = PBXFileReference; lastKnownFileType = audio.wav; path = drum200.wav; sourceTree = "<group>"; };
		C9E48FF62A06249200E1D702 /* Compass_1024.png */ = {isa = PBXFileReference; lastKnownFileType = image.png; path = Compass_1024.png; sourceTree = "<group>"; };
		C9E48FF72A06249200E1D702 /* Default-568h@2x.png */ = {isa = PBXFileReference; lastKnownFileType = image.png; path = "Default-568h@2x.png"; sourceTree = "<group>"; };
		C9E48FF82A06249200E1D702 /* Compass_1024_noalpha.png */ = {isa = PBXFileReference; lastKnownFileType = image.png; path = Compass_1024_noalpha.png; sourceTree = "<group>"; };
		C9E48FF92A06249200E1D702 /* click_high.wav */ = {isa = PBXFileReference; lastKnownFileType = audio.wav; path = click_high.wav; sourceTree = "<group>"; };
/* End PBXFileReference section */

/* Begin PBXFrameworksBuildPhase section */
		C9E48FBC2A06236800E1D702 /* Frameworks */ = {
			isa = PBXFrameworksBuildPhase;
			buildActionMask = 2147483647;
			files = (
			);
			runOnlyForDeploymentPostprocessing = 0;
		};
		C9E48FCC2A06236900E1D702 /* Frameworks */ = {
			isa = PBXFrameworksBuildPhase;
			buildActionMask = 2147483647;
			files = (
			);
			runOnlyForDeploymentPostprocessing = 0;
		};
		C9E48FD62A06236900E1D702 /* Frameworks */ = {
			isa = PBXFrameworksBuildPhase;
			buildActionMask = 2147483647;
			files = (
			);
			runOnlyForDeploymentPostprocessing = 0;
		};
/* End PBXFrameworksBuildPhase section */

/* Begin PBXGroup section */
		C995B2CF2A0B21160037572A /* ContentViews */ = {
			isa = PBXGroup;
			children = (
				C9E48FC42A06236800E1D702 /* MainView.swift */,
				C995B2D02A0B21420037572A /* CompassView.swift */,
				C995B2D22A0B21600037572A /* SteeringView.swift */,
				C995B2D42A0B218D0037572A /* SettingsView.swift */,
				C9DAC99F2A357A1400037F65 /* HeaderView.swift */,
				C9DAC99B2A342E3800037F65 /* TargetView.swift */,
			);
			path = ContentViews;
			sourceTree = "<group>";
		};
		C996C73C2A45073400C00B1A /* Resources */ = {
			isa = PBXGroup;
			children = (
				C9E48FF92A06249200E1D702 /* click_high.wav */,
				C9E48FF32A06249200E1D702 /* click_low.wav */,
				C9CE15FB2A21F93C00389886 /* Compass_120.png */,
				C9DAC9992A34198A00037F65 /* viscompass2-Info.plist */,
				C9DAC9972A34149200037F65 /* Compass_400.png */,
				C9E48FF42A06249200E1D702 /* Compass_512.png */,
				C9E48FF82A06249200E1D702 /* Compass_1024_noalpha.png */,
				C9E48FF62A06249200E1D702 /* Compass_1024.png */,
				C9E48FF72A06249200E1D702 /* Default-568h@2x.png */,
				C9E48FF52A06249200E1D702 /* drum200.wav */,
				C9E48FF22A06249200E1D702 /* side-drum-icon-27836.png */,
			);
			path = Resources;
			sourceTree = "<group>";
		};
		C9E48FB62A06236800E1D702 = {
			isa = PBXGroup;
			children = (
				C996C7022A41270600C00B1A /* COMMANDS.md */,
				C9E48FC12A06236800E1D702 /* viscompass */,
				C9E48FD22A06236900E1D702 /* viscompassTests */,
				C9E48FDC2A06236900E1D702 /* viscompassUITests */,
				C9E48FC02A06236800E1D702 /* Products */,
			);
			sourceTree = "<group>";
		};
		C9E48FC02A06236800E1D702 /* Products */ = {
			isa = PBXGroup;
			children = (
				C9E48FBF2A06236800E1D702 /* viscompass2.app */,
				C9E48FCF2A06236900E1D702 /* viscompass2Tests.xctest */,
				C9E48FD92A06236900E1D702 /* viscompass2UITests.xctest */,
			);
			name = Products;
			sourceTree = "<group>";
		};
		C9E48FC12A06236800E1D702 /* viscompass */ = {
			isa = PBXGroup;
			children = (
				C996C73C2A45073400C00B1A /* Resources */,
				C995B2CF2A0B21160037572A /* ContentViews */,
				C9E48FC22A06236800E1D702 /* viscompassApp.swift */,
				C92F73DC2A314CE400267A4A /* HeadingFilter.swift */,
				C9E48FC62A06236900E1D702 /* Assets.xcassets */,
				C9E48FC82A06236900E1D702 /* Preview Content */,
				C995B2CB2A09C9B00037572A /* SteeringModel.swift */,
				C9D65C302BF31627005F0797 /* Util.swift */,
				C96E42B72A15B0ED0065FABC /* SettingsModel.swift */,
				C995B2CD2A09CA160037572A /* AudioFeedbackModel.swift */,
				C9C189B92AA55E1B0076A7A8 /* AudioGenerator.swift */,
				C9C189B72AA427500076A7A8 /* SpeechBuffer.swift */,
			);
			path = viscompass;
			sourceTree = "<group>";
		};
		C9E48FC82A06236900E1D702 /* Preview Content */ = {
			isa = PBXGroup;
			children = (
				C9E48FC92A06236900E1D702 /* Preview Assets.xcassets */,
			);
			path = "Preview Content";
			sourceTree = "<group>";
		};
		C9E48FD22A06236900E1D702 /* viscompassTests */ = {
			isa = PBXGroup;
			children = (
				C9E48FD32A06236900E1D702 /* viscompassTests.swift */,
			);
			path = viscompassTests;
			sourceTree = "<group>";
		};
		C9E48FDC2A06236900E1D702 /* viscompassUITests */ = {
			isa = PBXGroup;
			children = (
				C9E48FDD2A06236900E1D702 /* viscompassUITests.swift */,
				C9E48FDF2A06236900E1D702 /* viscompassUITestsLaunchTests.swift */,
			);
			path = viscompassUITests;
			sourceTree = "<group>";
		};
/* End PBXGroup section */

/* Begin PBXNativeTarget section */
		C9E48FBE2A06236800E1D702 /* viscompass2 */ = {
			isa = PBXNativeTarget;
			buildConfigurationList = C9E48FE32A06236900E1D702 /* Build configuration list for PBXNativeTarget "viscompass2" */;
			buildPhases = (
				C9E48FBB2A06236800E1D702 /* Sources */,
				C9E48FBC2A06236800E1D702 /* Frameworks */,
				C9E48FBD2A06236800E1D702 /* Resources */,
			);
			buildRules = (
			);
			dependencies = (
			);
			name = viscompass2;
			productName = viscompass;
			productReference = C9E48FBF2A06236800E1D702 /* viscompass2.app */;
			productType = "com.apple.product-type.application";
		};
		C9E48FCE2A06236900E1D702 /* viscompass2Tests */ = {
			isa = PBXNativeTarget;
			buildConfigurationList = C9E48FE62A06236900E1D702 /* Build configuration list for PBXNativeTarget "viscompass2Tests" */;
			buildPhases = (
				C9E48FCB2A06236900E1D702 /* Sources */,
				C9E48FCC2A06236900E1D702 /* Frameworks */,
				C9E48FCD2A06236900E1D702 /* Resources */,
			);
			buildRules = (
			);
			dependencies = (
				C9E48FD12A06236900E1D702 /* PBXTargetDependency */,
			);
			name = viscompass2Tests;
			productName = viscompassTests;
			productReference = C9E48FCF2A06236900E1D702 /* viscompass2Tests.xctest */;
			productType = "com.apple.product-type.bundle.unit-test";
		};
		C9E48FD82A06236900E1D702 /* viscompass2UITests */ = {
			isa = PBXNativeTarget;
			buildConfigurationList = C9E48FE92A06236900E1D702 /* Build configuration list for PBXNativeTarget "viscompass2UITests" */;
			buildPhases = (
				C9E48FD52A06236900E1D702 /* Sources */,
				C9E48FD62A06236900E1D702 /* Frameworks */,
				C9E48FD72A06236900E1D702 /* Resources */,
			);
			buildRules = (
			);
			dependencies = (
				C9E48FDB2A06236900E1D702 /* PBXTargetDependency */,
			);
			name = viscompass2UITests;
			productName = viscompassUITests;
			productReference = C9E48FD92A06236900E1D702 /* viscompass2UITests.xctest */;
			productType = "com.apple.product-type.bundle.ui-testing";
		};
/* End PBXNativeTarget section */

/* Begin PBXProject section */
		C9E48FB72A06236800E1D702 /* Project object */ = {
			isa = PBXProject;
			attributes = {
				BuildIndependentTargetsInParallel = 1;
				LastSwiftUpdateCheck = 1420;
				LastUpgradeCheck = 1540;
				TargetAttributes = {
					C9E48FBE2A06236800E1D702 = {
						CreatedOnToolsVersion = 14.2;
					};
					C9E48FCE2A06236900E1D702 = {
						CreatedOnToolsVersion = 14.2;
						TestTargetID = C9E48FBE2A06236800E1D702;
					};
					C9E48FD82A06236900E1D702 = {
						CreatedOnToolsVersion = 14.2;
						TestTargetID = C9E48FBE2A06236800E1D702;
					};
				};
			};
			buildConfigurationList = C9E48FBA2A06236800E1D702 /* Build configuration list for PBXProject "viscompass2" */;
			compatibilityVersion = "Xcode 14.0";
			developmentRegion = en;
			hasScannedForEncodings = 0;
			knownRegions = (
				en,
				Base,
			);
			mainGroup = C9E48FB62A06236800E1D702;
			productRefGroup = C9E48FC02A06236800E1D702 /* Products */;
			projectDirPath = "";
			projectRoot = "";
			targets = (
				C9E48FBE2A06236800E1D702 /* viscompass2 */,
				C9E48FCE2A06236900E1D702 /* viscompass2Tests */,
				C9E48FD82A06236900E1D702 /* viscompass2UITests */,
			);
		};
/* End PBXProject section */

/* Begin PBXResourcesBuildPhase section */
		C9E48FBD2A06236800E1D702 /* Resources */ = {
			isa = PBXResourcesBuildPhase;
			buildActionMask = 2147483647;
			files = (
				C9E48FFE2A06249200E1D702 /* Compass_1024.png in Resources */,
				C9CE15FC2A21F93C00389886 /* Compass_120.png in Resources */,
				C9E490002A06249200E1D702 /* Compass_1024_noalpha.png in Resources */,
				C9E48FFB2A06249200E1D702 /* click_low.wav in Resources */,
				C9E490012A06249200E1D702 /* click_high.wav in Resources */,
				C9E48FFD2A06249200E1D702 /* drum200.wav in Resources */,
				C9E48FFA2A06249200E1D702 /* side-drum-icon-27836.png in Resources */,
				C9E48FFC2A06249200E1D702 /* Compass_512.png in Resources */,
				C9E48FFF2A06249200E1D702 /* Default-568h@2x.png in Resources */,
				C9E48FCA2A06236900E1D702 /* Preview Assets.xcassets in Resources */,
				C9E48FC72A06236900E1D702 /* Assets.xcassets in Resources */,
				C9DAC9982A34149200037F65 /* Compass_400.png in Resources */,
				C996C7032A41270600C00B1A /* COMMANDS.md in Resources */,
			);
			runOnlyForDeploymentPostprocessing = 0;
		};
		C9E48FCD2A06236900E1D702 /* Resources */ = {
			isa = PBXResourcesBuildPhase;
			buildActionMask = 2147483647;
			files = (
			);
			runOnlyForDeploymentPostprocessing = 0;
		};
		C9E48FD72A06236900E1D702 /* Resources */ = {
			isa = PBXResourcesBuildPhase;
			buildActionMask = 2147483647;
			files = (
			);
			runOnlyForDeploymentPostprocessing = 0;
		};
/* End PBXResourcesBuildPhase section */

/* Begin PBXSourcesBuildPhase section */
		C9E48FBB2A06236800E1D702 /* Sources */ = {
			isa = PBXSourcesBuildPhase;
			buildActionMask = 2147483647;
			files = (
				C995B2D12A0B21420037572A /* CompassView.swift in Sources */,
				C92F73DD2A314CE400267A4A /* HeadingFilter.swift in Sources */,
				C9C189B82AA427500076A7A8 /* SpeechBuffer.swift in Sources */,
				C995B2D32A0B21600037572A /* SteeringView.swift in Sources */,
				C995B2D52A0B218D0037572A /* SettingsView.swift in Sources */,
				C9E48FC52A06236800E1D702 /* MainView.swift in Sources */,
				C96E42B82A15B0ED0065FABC /* SettingsModel.swift in Sources */,
				C9DAC9A02A357A1400037F65 /* HeaderView.swift in Sources */,
				C9DAC99C2A342E3800037F65 /* TargetView.swift in Sources */,
				C995B2CC2A09C9B00037572A /* SteeringModel.swift in Sources */,
				C9E48FC32A06236800E1D702 /* viscompassApp.swift in Sources */,
				C9D65C312BF31627005F0797 /* Util.swift in Sources */,
				C9C189BA2AA55E1B0076A7A8 /* AudioGenerator.swift in Sources */,
				C995B2CE2A09CA160037572A /* AudioFeedbackModel.swift in Sources */,
			);
			runOnlyForDeploymentPostprocessing = 0;
		};
		C9E48FCB2A06236900E1D702 /* Sources */ = {
			isa = PBXSourcesBuildPhase;
			buildActionMask = 2147483647;
			files = (
				C9E48FD42A06236900E1D702 /* viscompassTests.swift in Sources */,
			);
			runOnlyForDeploymentPostprocessing = 0;
		};
		C9E48FD52A06236900E1D702 /* Sources */ = {
			isa = PBXSourcesBuildPhase;
			buildActionMask = 2147483647;
			files = (
				C9E48FE02A06236900E1D702 /* viscompassUITestsLaunchTests.swift in Sources */,
				C9E48FDE2A06236900E1D702 /* viscompassUITests.swift in Sources */,
			);
			runOnlyForDeploymentPostprocessing = 0;
		};
/* End PBXSourcesBuildPhase section */

/* Begin PBXTargetDependency section */
		C9E48FD12A06236900E1D702 /* PBXTargetDependency */ = {
			isa = PBXTargetDependency;
			target = C9E48FBE2A06236800E1D702 /* viscompass2 */;
			targetProxy = C9E48FD02A06236900E1D702 /* PBXContainerItemProxy */;
		};
		C9E48FDB2A06236900E1D702 /* PBXTargetDependency */ = {
			isa = PBXTargetDependency;
			target = C9E48FBE2A06236800E1D702 /* viscompass2 */;
			targetProxy = C9E48FDA2A06236900E1D702 /* PBXContainerItemProxy */;
		};
/* End PBXTargetDependency section */

/* Begin XCBuildConfiguration section */
		C9E48FE12A06236900E1D702 /* Debug */ = {
			isa = XCBuildConfiguration;
			buildSettings = {
				ALWAYS_SEARCH_USER_PATHS = NO;
				CLANG_ANALYZER_NONNULL = YES;
				CLANG_ANALYZER_NUMBER_OBJECT_CONVERSION = YES_AGGRESSIVE;
				CLANG_CXX_LANGUAGE_STANDARD = "gnu++20";
				CLANG_ENABLE_MODULES = YES;
				CLANG_ENABLE_OBJC_ARC = YES;
				CLANG_ENABLE_OBJC_WEAK = YES;
				CLANG_WARN_BLOCK_CAPTURE_AUTORELEASING = YES;
				CLANG_WARN_BOOL_CONVERSION = YES;
				CLANG_WARN_COMMA = YES;
				CLANG_WARN_CONSTANT_CONVERSION = YES;
				CLANG_WARN_DEPRECATED_OBJC_IMPLEMENTATIONS = YES;
				CLANG_WARN_DIRECT_OBJC_ISA_USAGE = YES_ERROR;
				CLANG_WARN_DOCUMENTATION_COMMENTS = YES;
				CLANG_WARN_EMPTY_BODY = YES;
				CLANG_WARN_ENUM_CONVERSION = YES;
				CLANG_WARN_INFINITE_RECURSION = YES;
				CLANG_WARN_INT_CONVERSION = YES;
				CLANG_WARN_NON_LITERAL_NULL_CONVERSION = YES;
				CLANG_WARN_OBJC_IMPLICIT_RETAIN_SELF = YES;
				CLANG_WARN_OBJC_LITERAL_CONVERSION = YES;
				CLANG_WARN_OBJC_ROOT_CLASS = YES_ERROR;
				CLANG_WARN_QUOTED_INCLUDE_IN_FRAMEWORK_HEADER = YES;
				CLANG_WARN_RANGE_LOOP_ANALYSIS = YES;
				CLANG_WARN_STRICT_PROTOTYPES = YES;
				CLANG_WARN_SUSPICIOUS_MOVE = YES;
				CLANG_WARN_UNGUARDED_AVAILABILITY = YES_AGGRESSIVE;
				CLANG_WARN_UNREACHABLE_CODE = YES;
				CLANG_WARN__DUPLICATE_METHOD_MATCH = YES;
				COPY_PHASE_STRIP = NO;
				DEBUG_INFORMATION_FORMAT = dwarf;
				ENABLE_STRICT_OBJC_MSGSEND = YES;
				ENABLE_TESTABILITY = YES;
				ENABLE_USER_SCRIPT_SANDBOXING = YES;
				GCC_C_LANGUAGE_STANDARD = gnu11;
				GCC_DYNAMIC_NO_PIC = NO;
				GCC_NO_COMMON_BLOCKS = YES;
				GCC_OPTIMIZATION_LEVEL = 0;
				GCC_PREPROCESSOR_DEFINITIONS = (
					"DEBUG=1",
					"$(inherited)",
				);
				GCC_WARN_64_TO_32_BIT_CONVERSION = YES;
				GCC_WARN_ABOUT_RETURN_TYPE = YES_ERROR;
				GCC_WARN_UNDECLARED_SELECTOR = YES;
				GCC_WARN_UNINITIALIZED_AUTOS = YES_AGGRESSIVE;
				GCC_WARN_UNUSED_FUNCTION = YES;
				GCC_WARN_UNUSED_VARIABLE = YES;
				IPHONEOS_DEPLOYMENT_TARGET = 17.0;
				MTL_ENABLE_DEBUG_INFO = INCLUDE_SOURCE;
				MTL_FAST_MATH = YES;
				ONLY_ACTIVE_ARCH = YES;
				SDKROOT = iphoneos;
				SWIFT_ACTIVE_COMPILATION_CONDITIONS = DEBUG;
				SWIFT_OPTIMIZATION_LEVEL = "-Onone";
			};
			name = Debug;
		};
		C9E48FE22A06236900E1D702 /* Release */ = {
			isa = XCBuildConfiguration;
			buildSettings = {
				ALWAYS_SEARCH_USER_PATHS = NO;
				CLANG_ANALYZER_NONNULL = YES;
				CLANG_ANALYZER_NUMBER_OBJECT_CONVERSION = YES_AGGRESSIVE;
				CLANG_CXX_LANGUAGE_STANDARD = "gnu++20";
				CLANG_ENABLE_MODULES = YES;
				CLANG_ENABLE_OBJC_ARC = YES;
				CLANG_ENABLE_OBJC_WEAK = YES;
				CLANG_WARN_BLOCK_CAPTURE_AUTORELEASING = YES;
				CLANG_WARN_BOOL_CONVERSION = YES;
				CLANG_WARN_COMMA = YES;
				CLANG_WARN_CONSTANT_CONVERSION = YES;
				CLANG_WARN_DEPRECATED_OBJC_IMPLEMENTATIONS = YES;
				CLANG_WARN_DIRECT_OBJC_ISA_USAGE = YES_ERROR;
				CLANG_WARN_DOCUMENTATION_COMMENTS = YES;
				CLANG_WARN_EMPTY_BODY = YES;
				CLANG_WARN_ENUM_CONVERSION = YES;
				CLANG_WARN_INFINITE_RECURSION = YES;
				CLANG_WARN_INT_CONVERSION = YES;
				CLANG_WARN_NON_LITERAL_NULL_CONVERSION = YES;
				CLANG_WARN_OBJC_IMPLICIT_RETAIN_SELF = YES;
				CLANG_WARN_OBJC_LITERAL_CONVERSION = YES;
				CLANG_WARN_OBJC_ROOT_CLASS = YES_ERROR;
				CLANG_WARN_QUOTED_INCLUDE_IN_FRAMEWORK_HEADER = YES;
				CLANG_WARN_RANGE_LOOP_ANALYSIS = YES;
				CLANG_WARN_STRICT_PROTOTYPES = YES;
				CLANG_WARN_SUSPICIOUS_MOVE = YES;
				CLANG_WARN_UNGUARDED_AVAILABILITY = YES_AGGRESSIVE;
				CLANG_WARN_UNREACHABLE_CODE = YES;
				CLANG_WARN__DUPLICATE_METHOD_MATCH = YES;
				COPY_PHASE_STRIP = NO;
				DEBUG_INFORMATION_FORMAT = "dwarf-with-dsym";
				ENABLE_NS_ASSERTIONS = NO;
				ENABLE_STRICT_OBJC_MSGSEND = YES;
				ENABLE_USER_SCRIPT_SANDBOXING = YES;
				GCC_C_LANGUAGE_STANDARD = gnu11;
				GCC_NO_COMMON_BLOCKS = YES;
				GCC_WARN_64_TO_32_BIT_CONVERSION = YES;
				GCC_WARN_ABOUT_RETURN_TYPE = YES_ERROR;
				GCC_WARN_UNDECLARED_SELECTOR = YES;
				GCC_WARN_UNINITIALIZED_AUTOS = YES_AGGRESSIVE;
				GCC_WARN_UNUSED_FUNCTION = YES;
				GCC_WARN_UNUSED_VARIABLE = YES;
				IPHONEOS_DEPLOYMENT_TARGET = 17.0;
				MTL_ENABLE_DEBUG_INFO = NO;
				MTL_FAST_MATH = YES;
				SDKROOT = iphoneos;
				SWIFT_COMPILATION_MODE = wholemodule;
				SWIFT_OPTIMIZATION_LEVEL = "-O";
				VALIDATE_PRODUCT = YES;
			};
			name = Release;
		};
		C9E48FE42A06236900E1D702 /* Debug */ = {
			isa = XCBuildConfiguration;
			buildSettings = {
				ASSETCATALOG_COMPILER_APPICON_NAME = AppIcon;
				ASSETCATALOG_COMPILER_GLOBAL_ACCENT_COLOR_NAME = AccentColor;
				ASSETCATALOG_COMPILER_INCLUDE_ALL_APPICON_ASSETS = NO;
				CODE_SIGN_STYLE = Automatic;
				CURRENT_PROJECT_VERSION = 1;
				DEVELOPMENT_ASSET_PATHS = "\"viscompass/Preview Content\"";
				DEVELOPMENT_TEAM = 98P2YHA54F;
				ENABLE_PREVIEWS = YES;
				GENERATE_INFOPLIST_FILE = YES;
				INFOPLIST_FILE = "viscompass2-Info.plist";
				INFOPLIST_KEY_CFBundleDisplayName = VISCompass2;
				INFOPLIST_KEY_LSApplicationCategoryType = "public.app-category.sports";
				INFOPLIST_KEY_UIApplicationSceneManifest_Generation = YES;
				INFOPLIST_KEY_UIApplicationSupportsIndirectInputEvents = YES;
				INFOPLIST_KEY_UISupportedInterfaceOrientations = UIInterfaceOrientationPortrait;
				INFOPLIST_KEY_UISupportedInterfaceOrientations_iPad = "UIInterfaceOrientationLandscapeLeft UIInterfaceOrientationLandscapeRight UIInterfaceOrientationPortrait UIInterfaceOrientationPortraitUpsideDown";
				LD_RUNPATH_SEARCH_PATHS = (
					"$(inherited)",
					"@executable_path/Frameworks",
				);
				MARKETING_VERSION = 1.0;
				PRODUCT_BUNDLE_IDENTIFIER = mattclark.net.viscompass2;
				PRODUCT_NAME = "$(TARGET_NAME)";
				SUPPORTED_PLATFORMS = "iphoneos iphonesimulator";
				SUPPORTS_MACCATALYST = NO;
				SUPPORTS_MAC_DESIGNED_FOR_IPHONE_IPAD = NO;
				SWIFT_EMIT_LOC_STRINGS = YES;
				SWIFT_VERSION = 5.0;
				TARGETED_DEVICE_FAMILY = 1;
			};
			name = Debug;
		};
		C9E48FE52A06236900E1D702 /* Release */ = {
			isa = XCBuildConfiguration;
			buildSettings = {
				ASSETCATALOG_COMPILER_APPICON_NAME = AppIcon;
				ASSETCATALOG_COMPILER_GLOBAL_ACCENT_COLOR_NAME = AccentColor;
				ASSETCATALOG_COMPILER_INCLUDE_ALL_APPICON_ASSETS = NO;
				CODE_SIGN_STYLE = Automatic;
				CURRENT_PROJECT_VERSION = 1;
				DEVELOPMENT_ASSET_PATHS = "\"viscompass/Preview Content\"";
				DEVELOPMENT_TEAM = 98P2YHA54F;
				ENABLE_PREVIEWS = YES;
				GENERATE_INFOPLIST_FILE = YES;
				INFOPLIST_FILE = "viscompass2-Info.plist";
				INFOPLIST_KEY_CFBundleDisplayName = VISCompass2;
				INFOPLIST_KEY_LSApplicationCategoryType = "public.app-category.sports";
				INFOPLIST_KEY_UIApplicationSceneManifest_Generation = YES;
				INFOPLIST_KEY_UIApplicationSupportsIndirectInputEvents = YES;
				INFOPLIST_KEY_UISupportedInterfaceOrientations = UIInterfaceOrientationPortrait;
				INFOPLIST_KEY_UISupportedInterfaceOrientations_iPad = "UIInterfaceOrientationLandscapeLeft UIInterfaceOrientationLandscapeRight UIInterfaceOrientationPortrait UIInterfaceOrientationPortraitUpsideDown";
				LD_RUNPATH_SEARCH_PATHS = (
					"$(inherited)",
					"@executable_path/Frameworks",
				);
				MARKETING_VERSION = 1.0;
				PRODUCT_BUNDLE_IDENTIFIER = mattclark.net.viscompass2;
				PRODUCT_NAME = "$(TARGET_NAME)";
				SUPPORTED_PLATFORMS = "iphoneos iphonesimulator";
				SUPPORTS_MACCATALYST = NO;
				SUPPORTS_MAC_DESIGNED_FOR_IPHONE_IPAD = NO;
				SWIFT_EMIT_LOC_STRINGS = YES;
				SWIFT_VERSION = 5.0;
				TARGETED_DEVICE_FAMILY = 1;
			};
			name = Release;
		};
		C9E48FE72A06236900E1D702 /* Debug */ = {
			isa = XCBuildConfiguration;
			buildSettings = {
				ALWAYS_EMBED_SWIFT_STANDARD_LIBRARIES = YES;
				BUNDLE_LOADER = "$(TEST_HOST)";
				CODE_SIGN_STYLE = Automatic;
				CURRENT_PROJECT_VERSION = 1;
				DEVELOPMENT_TEAM = 98P2YHA54F;
				GENERATE_INFOPLIST_FILE = YES;
				IPHONEOS_DEPLOYMENT_TARGET = 16.2;
				MARKETING_VERSION = 1.0;
				PRODUCT_BUNDLE_IDENTIFIER = mattclark.net.viscompassTests;
				PRODUCT_NAME = "$(TARGET_NAME)";
				SWIFT_EMIT_LOC_STRINGS = NO;
				SWIFT_VERSION = 5.0;
				TARGETED_DEVICE_FAMILY = "1,2";
				TEST_HOST = "$(BUILT_PRODUCTS_DIR)/viscompass2.app/$(BUNDLE_EXECUTABLE_FOLDER_PATH)/viscompass2";
			};
			name = Debug;
		};
		C9E48FE82A06236900E1D702 /* Release */ = {
			isa = XCBuildConfiguration;
			buildSettings = {
				ALWAYS_EMBED_SWIFT_STANDARD_LIBRARIES = YES;
				BUNDLE_LOADER = "$(TEST_HOST)";
				CODE_SIGN_STYLE = Automatic;
				CURRENT_PROJECT_VERSION = 1;
				DEVELOPMENT_TEAM = 98P2YHA54F;
				GENERATE_INFOPLIST_FILE = YES;
				IPHONEOS_DEPLOYMENT_TARGET = 16.2;
				MARKETING_VERSION = 1.0;
				PRODUCT_BUNDLE_IDENTIFIER = mattclark.net.viscompassTests;
				PRODUCT_NAME = "$(TARGET_NAME)";
				SWIFT_EMIT_LOC_STRINGS = NO;
				SWIFT_VERSION = 5.0;
				TARGETED_DEVICE_FAMILY = "1,2";
				TEST_HOST = "$(BUILT_PRODUCTS_DIR)/viscompass2.app/$(BUNDLE_EXECUTABLE_FOLDER_PATH)/viscompass2";
			};
			name = Release;
		};
		C9E48FEA2A06236900E1D702 /* Debug */ = {
			isa = XCBuildConfiguration;
			buildSettings = {
				ALWAYS_EMBED_SWIFT_STANDARD_LIBRARIES = YES;
				CODE_SIGN_STYLE = Automatic;
				CURRENT_PROJECT_VERSION = 1;
				DEVELOPMENT_TEAM = 98P2YHA54F;
				GENERATE_INFOPLIST_FILE = YES;
				MARKETING_VERSION = 1.0;
				PRODUCT_BUNDLE_IDENTIFIER = mattclark.net.viscompassUITests;
				PRODUCT_NAME = "$(TARGET_NAME)";
				SWIFT_EMIT_LOC_STRINGS = NO;
				SWIFT_VERSION = 5.0;
				TARGETED_DEVICE_FAMILY = "1,2";
				TEST_TARGET_NAME = viscompass;
			};
			name = Debug;
		};
		C9E48FEB2A06236900E1D702 /* Release */ = {
			isa = XCBuildConfiguration;
			buildSettings = {
				ALWAYS_EMBED_SWIFT_STANDARD_LIBRARIES = YES;
				CODE_SIGN_STYLE = Automatic;
				CURRENT_PROJECT_VERSION = 1;
				DEVELOPMENT_TEAM = 98P2YHA54F;
				GENERATE_INFOPLIST_FILE = YES;
				MARKETING_VERSION = 1.0;
				PRODUCT_BUNDLE_IDENTIFIER = mattclark.net.viscompassUITests;
				PRODUCT_NAME = "$(TARGET_NAME)";
				SWIFT_EMIT_LOC_STRINGS = NO;
				SWIFT_VERSION = 5.0;
				TARGETED_DEVICE_FAMILY = "1,2";
				TEST_TARGET_NAME = viscompass;
			};
			name = Release;
		};
/* End XCBuildConfiguration section */

/* Begin XCConfigurationList section */
		C9E48FBA2A06236800E1D702 /* Build configuration list for PBXProject "viscompass2" */ = {
			isa = XCConfigurationList;
			buildConfigurations = (
				C9E48FE12A06236900E1D702 /* Debug */,
				C9E48FE22A06236900E1D702 /* Release */,
			);
			defaultConfigurationIsVisible = 0;
			defaultConfigurationName = Release;
		};
		C9E48FE32A06236900E1D702 /* Build configuration list for PBXNativeTarget "viscompass2" */ = {
			isa = XCConfigurationList;
			buildConfigurations = (
				C9E48FE42A06236900E1D702 /* Debug */,
				C9E48FE52A06236900E1D702 /* Release */,
			);
			defaultConfigurationIsVisible = 0;
			defaultConfigurationName = Release;
		};
		C9E48FE62A06236900E1D702 /* Build configuration list for PBXNativeTarget "viscompass2Tests" */ = {
			isa = XCConfigurationList;
			buildConfigurations = (
				C9E48FE72A06236900E1D702 /* Debug */,
				C9E48FE82A06236900E1D702 /* Release */,
			);
			defaultConfigurationIsVisible = 0;
			defaultConfigurationName = Release;
		};
		C9E48FE92A06236900E1D702 /* Build configuration list for PBXNativeTarget "viscompass2UITests" */ = {
			isa = XCConfigurationList;
			buildConfigurations = (
				C9E48FEA2A06236900E1D702 /* Debug */,
				C9E48FEB2A06236900E1D702 /* Release */,
			);
			defaultConfigurationIsVisible = 0;
			defaultConfigurationName = Release;
		};
/* End XCConfigurationList section */
	};
	rootObject = C9E48FB72A06236800E1D702 /* Project object */;
}
